{
    "_meta": {
        "hash": {
            "sha256": "f9dca25503326b616d7d7f44eb5b5777aa71e33200b70f07842b5353236f1bf0"
        },
        "pipfile-spec": 6,
        "requires": {
            "python_version": "3.13"
        },
        "sources": [
            {
                "name": "pypi",
                "url": "https://pypi.org/simple",
                "verify_ssl": true
            }
        ]
    },
    "default": {
        "attrs": {
            "hashes": [
                "sha256:16d5969b87f0859ef33a48b35d55ac1be6e42ae49d5e853b597db70c35c57e11",
                "sha256:adcf7e2a1fb3b36ac48d97835bb6d8ade15b8dcce26aba8bf1d14847b57a3373"
            ],
            "markers": "python_version >= '3.9'",
            "version": "==25.4.0"
        },
        "aws-cdk-lib": {
            "hashes": [
                "sha256:6602d6678597c649d80ff884972c3fa67a98fd6cacb56adcb77cd8fc4a735d43",
                "sha256:cef10c71e1575196df277fdac57c54010a8d28d77646da09200b1d1cb3625f8e"
            ],
            "index": "pypi",
            "markers": "python_version ~= '3.9'",
            "version": "==2.238.0"
        },
        "aws-cdk.asset-awscli-v1": {
            "hashes": [
                "sha256:185150757d4216ea982d7b35596de5b3d767776be00cd78cacce02eaa08f8851",
                "sha256:657605260ace055fac4ae30a6fb84a80504a6e24ce0b1d278913d4db4bafa266"
            ],
            "markers": "python_version ~= '3.9'",
            "version": "==2.2.263"
        },
        "aws-cdk.asset-node-proxy-agent-v6": {
            "hashes": [
                "sha256:1f292c0631f86708ba4ee328b3a2b229f7e46ea1c79fbde567ee9eb119c2b0e2",
                "sha256:24a388b69a44d03bae6dbf864c4e25ba650d4b61c008b4568b94ffbb9a69e40e"
            ],
            "markers": "python_version ~= '3.8'",
            "version": "==2.1.0"
        },
        "aws-cdk.cloud-assembly-schema": {
            "hashes": [
                "sha256:229aa136c26b71b0a82b5a32658eabcd30e344f7e136315fdb6e3de8ef523bfa",
                "sha256:f5b6cf661cac8690add9461de13aeae3f3742eec71c066032bd045b08d0b7c3e"
            ],
            "markers": "python_version ~= '3.9'",
            "version": "==48.20.0"
        },
        "cattrs": {
            "hashes": [
                "sha256:1ac88d9e5eda10436c4517e390a4142d88638fe682c436c93db7ce4a277b884a",
                "sha256:9896e84e0a5bf723bc7b4b68f4481785367ce07a8a02e7e9ee6eb2819bc306ff"
            ],
            "markers": "python_version >= '3.9'",
            "version": "==25.3.0"
        },
        "constructs": {
            "hashes": [
                "sha256:e63d6675ba2e8a9076db8df1d4c7af78efdb96182ba28abe938384ba321e4b81",
                "sha256:efa0f9e4fe65bd334bad719d00e0c8d9e3e4c6d873da8e874e67517a029c190b"
            ],
            "index": "pypi",
            "markers": "python_version ~= '3.9'",
            "version": "==10.4.5"
        },
        "importlib-resources": {
            "hashes": [
                "sha256:185f87adef5bcc288449d98fb4fba07cea78bc036455dd44c5fc4a2fe78fed2c",
                "sha256:789cfdc3ed28c78b67a06acb8126751ced69a3d5f79c095a98298cd8a760ccec"
            ],
            "markers": "python_version >= '3.9'",
            "version": "==6.5.2"
        },
        "jsii": {
            "hashes": [
                "sha256:0bb3d5423fd62a499f9ce83e98668b48424ac6ef39472bff90cdf4650aa41b41",
                "sha256:5e4739843aab3af25472490a05a271cf7d53f01a6d46167ab0f1f2cff3a8df95"
            ],
            "markers": "python_version ~= '3.9'",
            "version": "==1.126.0"
        },
        "publication": {
            "hashes": [
                "sha256:0248885351febc11d8a1098d5c8e3ab2dabcf3e8c0c96db1e17ecd12b53afbe6",
                "sha256:68416a0de76dddcdd2930d1c8ef853a743cc96c82416c4e4d3b5d901c6276dc4"
            ],
            "version": "==0.0.3"
        },
        "python-dateutil": {
            "hashes": [
                "sha256:37dd54208da7e1cd875388217d5e00ebd4179249f90fb72437e91a35459a0ad3",
                "sha256:a8b2bc7bffae282281c8140a97d3aa9c14da0b136dfe83f850eea9a5f7470427"
            ],
            "markers": "python_version >= '2.7' and python_version not in '3.0, 3.1, 3.2'",
            "version": "==2.9.0.post0"
        },
        "six": {
            "hashes": [
                "sha256:4721f391ed90541fddacab5acf947aa0d3dc7d27b2e1e8eda2be8970586c3274",
                "sha256:ff70335d468e7eb6ec65b95b99d3a2836546063f63acc5171de367e834932a81"
            ],
            "markers": "python_version >= '2.7' and python_version not in '3.0, 3.1, 3.2'",
            "version": "==1.17.0"
        },
        "typeguard": {
            "hashes": [
                "sha256:00edaa8da3a133674796cf5ea87d9f4b4c367d77476e185e80251cc13dfbb8c4",
                "sha256:5e3e3be01e887e7eafae5af63d1f36c849aaa94e3a0112097312aabfa16284f1"
            ],
            "markers": "python_full_version >= '3.5.3'",
            "version": "==2.13.3"
        },
        "typing-extensions": {
            "hashes": [
                "sha256:0cea48d173cc12fa28ecabc3b837ea3cf6f38c6d1136f85cbaaf598984861466",
                "sha256:f0fa19c6845758ab08074a0cfa8b7aecb71c999ca73d62883bc25cc018c4e548"
            ],
            "markers": "python_version >= '3.9'",
            "version": "==4.15.0"
        }
    },
    "develop": {}
}
